{
    "_readme": [
        "This file locks the dependencies of your project to a known state",
        "Read more about it at https://getcomposer.org/doc/01-basic-usage.md#installing-dependencies",
        "This file is @generated automatically"
    ],
    "content-hash": "88f75747583ec6e872b3da0d11334221",
    "packages": [
        {
            "name": "fidry/cpu-core-counter",
            "version": "1.2.0",
            "source": {
                "type": "git",
                "url": "https://github.com/theofidry/cpu-core-counter.git",
                "reference": "8520451a140d3f46ac33042715115e290cf5785f"
            },
            "dist": {
                "type": "zip",
                "url": "https://api.github.com/repos/theofidry/cpu-core-counter/zipball/8520451a140d3f46ac33042715115e290cf5785f",
                "reference": "8520451a140d3f46ac33042715115e290cf5785f",
                "shasum": ""
            },
            "require": {
                "php": "^7.2 || ^8.0"
            },
            "require-dev": {
                "fidry/makefile": "^0.2.0",
                "fidry/php-cs-fixer-config": "^1.1.2",
                "phpstan/extension-installer": "^1.2.0",
                "phpstan/phpstan": "^1.9.2",
                "phpstan/phpstan-deprecation-rules": "^1.0.0",
                "phpstan/phpstan-phpunit": "^1.2.2",
                "phpstan/phpstan-strict-rules": "^1.4.4",
                "phpunit/phpunit": "^8.5.31 || ^9.5.26",
                "webmozarts/strict-phpunit": "^7.5"
            },
            "type": "library",
            "autoload": {
                "psr-4": {
                    "Fidry\\CpuCoreCounter\\": "src/"
                }
            },
            "notification-url": "https://packagist.org/downloads/",
            "license": [
                "MIT"
            ],
            "authors": [
                {
                    "name": "Théo FIDRY",
                    "email": "theo.fidry@gmail.com"
                }
            ],
            "description": "Tiny utility to get the number of CPU cores.",
            "keywords": [
                "CPU",
                "core"
            ],
            "support": {
                "issues": "https://github.com/theofidry/cpu-core-counter/issues",
                "source": "https://github.com/theofidry/cpu-core-counter/tree/1.2.0"
            },
            "funding": [
                {
                    "url": "https://github.com/theofidry",
                    "type": "github"
                }
            ],
            "time": "2024-08-06T10:04:20+00:00"
        }
    ],
    "packages-dev": [],
    "aliases": [],
    "minimum-stability": "stable",
    "stability-flags": {},
    "prefer-stable": false,
    "prefer-lowest": false,
    "platform": {},
    "platform-dev": {},
    "plugin-api-version": "2.6.0"
}
